<?xml version="1.0" encoding="UTF-8" standalone="yes" ?>
<CodeBlocks_project_file>
	<FileVersion major="1" minor="6" />
	<Project>
		<Option title="EX 29.30.31.32" />
		<Option pch_mode="2" />
		<Option compiler="gcc" />
		<Build>
			<Target title="default">
				<Option output="EX 29" prefix_auto="1" extension_auto="1" />
				<Option type="1" />
				<Option compiler="gcc" />
			</Target>
		</Build>
		<Unit filename="Caminhao.cpp" />
		<Unit filename="Caminhao.h" />
		<Unit filename="CarroPasseio.cpp" />
		<Unit filename="CarroPasseio.h" />
		<Unit filename="Motor.cpp" />
		<Unit filename="Motor.h" />
		<Unit filename="Veiculo.cpp" />
		<Unit filename="Veiculo.h" />
		<Unit filename="main.cpp" />
		<Extensions>
			<code_completion />
			<envvars />
			<debugger />
			<lib_finder disable_auto="1" />
		</Extensions>
	</Project>
</CodeBlocks_project_file>
